
Microsoft Visual Studio Solution File, Format Version 12.00
# Visual Studio Version 17
VisualStudioVersion = 17.5.002.0
MinimumVisualStudioVersion = 10.0.40219.1
Project("{2150E333-8FDC-42A3-9474-1A3956D46DE8}") = "prove", "prove", "{6BC648CC-6BD1-4B66-B7B0-CE43B40B9451}"
EndProject
Project("{9A19103F-16F7-4668-BE54-9A1E7A4F7556}") = "Develop04", "prove\Develop04\Develop04.csproj", "{90A9C64B-B22B-4D13-BC20-39AA7E4DD47C}"
EndProject
Project("{9A19103F-16F7-4668-BE54-9A1E7A4F7556}") = "Develop03", "prove\Develop03\Develop03.csproj", "{E9511A60-01D4-4BAD-ACA9-9CCB84925260}"
EndProject
Project("{9A19103F-16F7-4668-BE54-9A1E7A4F7556}") = "Develop05", "prove\Develop05\Develop05.csproj", "{F19ED082-B3C2-49C8-A65D-98B6C28F0C37}"
EndProject
Project("{9A19103F-16F7-4668-BE54-9A1E7A4F7556}") = "Develop02", "prove\Develop02\Develop02.csproj", "{3F6FB0EE-47FD-4D4B-9411-5F297CF1D291}"
EndProject
Project("{2150E333-8FDC-42A3-9474-1A3956D46DE8}") = "csharp-prep", "csharp-prep", "{D105756D-ED1F-4DBA-A82D-3AFA9D73DE98}"
EndProject
Project("{9A19103F-16F7-4668-BE54-9A1E7A4F7556}") = "Prep2", "csharp-prep\Prep2\Prep2.csproj", "{5590BBCE-21B2-4A2E-867C-9BE20AC1E2E6}"
EndProject
Project("{9A19103F-16F7-4668-BE54-9A1E7A4F7556}") = "Prep1", "csharp-prep\Prep1\Prep1.csproj", "{AD48EB02-E791-462B-87C4-3F060FA32480}"
EndProject
Project("{9A19103F-16F7-4668-BE54-9A1E7A4F7556}") = "Prep3", "csharp-prep\Prep3\Prep3.csproj", "{351474BC-18D5-4290-9433-F18AED7D9B28}"
EndProject
Project("{9A19103F-16F7-4668-BE54-9A1E7A4F7556}") = "Prep4", "csharp-prep\Prep4\Prep4.csproj", "{D5C96C70-93AC-40C5-B172-FE368915170F}"
EndProject
Project("{9A19103F-16F7-4668-BE54-9A1E7A4F7556}") = "Prep5", "csharp-prep\Prep5\Prep5.csproj", "{B513BBE5-F013-4698-84F3-103A2D22DA57}"
EndProject
Project("{2150E333-8FDC-42A3-9474-1A3956D46DE8}") = "final", "final", "{C8D0DED4-6BB0-4A5B-9D8A-9A83DF9B8DEE}"
EndProject
Project("{9A19103F-16F7-4668-BE54-9A1E7A4F7556}") = "Foundation4", "final\Foundation4\Foundation4.csproj", "{B1B981A7-B1CF-4C55-849D-8F184FAA2019}"
EndProject
Project("{9A19103F-16F7-4668-BE54-9A1E7A4F7556}") = "Foundation2", "final\Foundation2\Foundation2.csproj", "{61AB7766-FC7D-47FA-9138-EFF0223F243B}"
EndProject
Project("{9A19103F-16F7-4668-BE54-9A1E7A4F7556}") = "Foundation3", "final\Foundation3\Foundation3.csproj", "{874ECF13-E8AE-4016-AE71-EF6FA0BF6FFC}"
EndProject
Project("{9A19103F-16F7-4668-BE54-9A1E7A4F7556}") = "Foundation1", "final\Foundation1\Foundation1.csproj", "{863BC9A3-131F-4713-84D8-3E48EFA7E1EB}"
EndProject
Project("{9A19103F-16F7-4668-BE54-9A1E7A4F7556}") = "FinalProject", "final\FinalProject\FinalProject.csproj", "{FAC6F785-D3EB-4A47-A56B-136E9965320E}"
EndProject
Project("{2150E333-8FDC-42A3-9474-1A3956D46DE8}") = "prepare", "prepare", "{6D2B5C64-6BC6-43B5-9A87-F4FD93B23604}"
EndProject
Project("{9A19103F-16F7-4668-BE54-9A1E7A4F7556}") = "Learning04", "prepare\Learning04\Learning04.csproj", "{278105CE-BE61-41DA-9716-3665DBF03661}"
EndProject
Project("{9A19103F-16F7-4668-BE54-9A1E7A4F7556}") = "Learning03", "prepare\Learning03\Learning03.csproj", "{C6CBB377-AD59-4ACB-BE0C-B9A1E7657467}"
EndProject
Project("{9A19103F-16F7-4668-BE54-9A1E7A4F7556}") = "Learning05", "prepare\Learning05\Learning05.csproj", "{64682E7B-3EC7-435F-9DAD-93434F6B44B5}"
EndProject
Project("{9A19103F-16F7-4668-BE54-9A1E7A4F7556}") = "Learning02", "prepare\Learning02\Learning02.csproj", "{C41B9F16-FC7F-4080-8632-7CE54E48DA07}"
EndProject
Project("{2150E333-8FDC-42A3-9474-1A3956D46DE8}") = "sandbox", "sandbox", "{28BC606F-F821-4D49-BEC6-B5ECBD28334E}"
EndProject
Project("{9A19103F-16F7-4668-BE54-9A1E7A4F7556}") = "Sandbox", "sandbox\Sandbox\Sandbox.csproj", "{AA8A50CD-CB1A-49EE-9CA4-C712BEF46DCD}"
EndProject
Global
	GlobalSection(SolutionConfigurationPlatforms) = preSolution
		Debug|Any CPU = Debug|Any CPU
		Release|Any CPU = Release|Any CPU
	EndGlobalSection
	GlobalSection(ProjectConfigurationPlatforms) = postSolution
		{90A9C64B-B22B-4D13-BC20-39AA7E4DD47C}.Debug|Any CPU.ActiveCfg = Debug|Any CPU
		{90A9C64B-B22B-4D13-BC20-39AA7E4DD47C}.Debug|Any CPU.Build.0 = Debug|Any CPU
		{90A9C64B-B22B-4D13-BC20-39AA7E4DD47C}.Release|Any CPU.ActiveCfg = Release|Any CPU
		{90A9C64B-B22B-4D13-BC20-39AA7E4DD47C}.Release|Any CPU.Build.0 = Release|Any CPU
		{E9511A60-01D4-4BAD-ACA9-9CCB84925260}.Debug|Any CPU.ActiveCfg = Debug|Any CPU
		{E9511A60-01D4-4BAD-ACA9-9CCB84925260}.Debug|Any CPU.Build.0 = Debug|Any CPU
		{E9511A60-01D4-4BAD-ACA9-9CCB84925260}.Release|Any CPU.ActiveCfg = Release|Any CPU
		{E9511A60-01D4-4BAD-ACA9-9CCB84925260}.Release|Any CPU.Build.0 = Release|Any CPU
		{F19ED082-B3C2-49C8-A65D-98B6C28F0C37}.Debug|Any CPU.ActiveCfg = Debug|Any CPU
		{F19ED082-B3C2-49C8-A65D-98B6C28F0C37}.Debug|Any CPU.Build.0 = Debug|Any CPU
		{F19ED082-B3C2-49C8-A65D-98B6C28F0C37}.Release|Any CPU.ActiveCfg = Release|Any CPU
		{F19ED082-B3C2-49C8-A65D-98B6C28F0C37}.Release|Any CPU.Build.0 = Release|Any CPU
		{3F6FB0EE-47FD-4D4B-9411-5F297CF1D291}.Debug|Any CPU.ActiveCfg = Debug|Any CPU
		{3F6FB0EE-47FD-4D4B-9411-5F297CF1D291}.Debug|Any CPU.Build.0 = Debug|Any CPU
		{3F6FB0EE-47FD-4D4B-9411-5F297CF1D291}.Release|Any CPU.ActiveCfg = Release|Any CPU
		{3F6FB0EE-47FD-4D4B-9411-5F297CF1D291}.Release|Any CPU.Build.0 = Release|Any CPU
		{5590BBCE-21B2-4A2E-867C-9BE20AC1E2E6}.Debug|Any CPU.ActiveCfg = Debug|Any CPU
		{5590BBCE-21B2-4A2E-867C-9BE20AC1E2E6}.Debug|Any CPU.Build.0 = Debug|Any CPU
		{5590BBCE-21B2-4A2E-867C-9BE20AC1E2E6}.Release|Any CPU.ActiveCfg = Release|Any CPU
		{5590BBCE-21B2-4A2E-867C-9BE20AC1E2E6}.Release|Any CPU.Build.0 = Release|Any CPU
		{AD48EB02-E791-462B-87C4-3F060FA32480}.Debug|Any CPU.ActiveCfg = Debug|Any CPU
		{AD48EB02-E791-462B-87C4-3F060FA32480}.Debug|Any CPU.Build.0 = Debug|Any CPU
		{AD48EB02-E791-462B-87C4-3F060FA32480}.Release|Any CPU.ActiveCfg = Release|Any CPU
		{AD48EB02-E791-462B-87C4-3F060FA32480}.Release|Any CPU.Build.0 = Release|Any CPU
		{351474BC-18D5-4290-9433-F18AED7D9B28}.Debug|Any CPU.ActiveCfg = Debug|Any CPU
		{351474BC-18D5-4290-9433-F18AED7D9B28}.Debug|Any CPU.Build.0 = Debug|Any CPU
		{351474BC-18D5-4290-9433-F18AED7D9B28}.Release|Any CPU.ActiveCfg = Release|Any CPU
		{351474BC-18D5-4290-9433-F18AED7D9B28}.Release|Any CPU.Build.0 = Release|Any CPU
		{D5C96C70-93AC-40C5-B172-FE368915170F}.Debug|Any CPU.ActiveCfg = Debug|Any CPU
		{D5C96C70-93AC-40C5-B172-FE368915170F}.Debug|Any CPU.Build.0 = Debug|Any CPU
		{D5C96C70-93AC-40C5-B172-FE368915170F}.Release|Any CPU.ActiveCfg = Release|Any CPU
		{D5C96C70-93AC-40C5-B172-FE368915170F}.Release|Any CPU.Build.0 = Release|Any CPU
		{B513BBE5-F013-4698-84F3-103A2D22DA57}.Debug|Any CPU.ActiveCfg = Debug|Any CPU
		{B513BBE5-F013-4698-84F3-103A2D22DA57}.Debug|Any CPU.Build.0 = Debug|Any CPU
		{B513BBE5-F013-4698-84F3-103A2D22DA57}.Release|Any CPU.ActiveCfg = Release|Any CPU
		{B513BBE5-F013-4698-84F3-103A2D22DA57}.Release|Any CPU.Build.0 = Release|Any CPU
		{B1B981A7-B1CF-4C55-849D-8F184FAA2019}.Debug|Any CPU.ActiveCfg = Debug|Any CPU
		{B1B981A7-B1CF-4C55-849D-8F184FAA2019}.Debug|Any CPU.Build.0 = Debug|Any CPU
		{B1B981A7-B1CF-4C55-849D-8F184FAA2019}.Release|Any CPU.ActiveCfg = Release|Any CPU
		{B1B981A7-B1CF-4C55-849D-8F184FAA2019}.Release|Any CPU.Build.0 = Release|Any CPU
		{61AB7766-FC7D-47FA-9138-EFF0223F243B}.Debug|Any CPU.ActiveCfg = Debug|Any CPU
		{61AB7766-FC7D-47FA-9138-EFF0223F243B}.Debug|Any CPU.Build.0 = Debug|Any CPU
		{61AB7766-FC7D-47FA-9138-EFF0223F243B}.Release|Any CPU.ActiveCfg = Release|Any CPU
		{61AB7766-FC7D-47FA-9138-EFF0223F243B}.Release|Any CPU.Build.0 = Release|Any CPU
		{874ECF13-E8AE-4016-AE71-EF6FA0BF6FFC}.Debug|Any CPU.ActiveCfg = Debug|Any CPU
		{874ECF13-E8AE-4016-AE71-EF6FA0BF6FFC}.Debug|Any CPU.Build.0 = Debug|Any CPU
		{874ECF13-E8AE-4016-AE71-EF6FA0BF6FFC}.Release|Any CPU.ActiveCfg = Release|Any CPU
		{874ECF13-E8AE-4016-AE71-EF6FA0BF6FFC}.Release|Any CPU.Build.0 = Release|Any CPU
		{863BC9A3-131F-4713-84D8-3E48EFA7E1EB}.Debug|Any CPU.ActiveCfg = Debug|Any CPU
		{863BC9A3-131F-4713-84D8-3E48EFA7E1EB}.Debug|Any CPU.Build.0 = Debug|Any CPU
		{863BC9A3-131F-4713-84D8-3E48EFA7E1EB}.Release|Any CPU.ActiveCfg = Release|Any CPU
		{863BC9A3-131F-4713-84D8-3E48EFA7E1EB}.Release|Any CPU.Build.0 = Release|Any CPU
		{FAC6F785-D3EB-4A47-A56B-136E9965320E}.Debug|Any CPU.ActiveCfg = Debug|Any CPU
		{FAC6F785-D3EB-4A47-A56B-136E9965320E}.Debug|Any CPU.Build.0 = Debug|Any CPU
		{FAC6F785-D3EB-4A47-A56B-136E9965320E}.Release|Any CPU.ActiveCfg = Release|Any CPU
		{FAC6F785-D3EB-4A47-A56B-136E9965320E}.Release|Any CPU.Build.0 = Release|Any CPU
		{278105CE-BE61-41DA-9716-3665DBF03661}.Debug|Any CPU.ActiveCfg = Debug|Any CPU
		{278105CE-BE61-41DA-9716-3665DBF03661}.Debug|Any CPU.Build.0 = Debug|Any CPU
		{278105CE-BE61-41DA-9716-3665DBF03661}.Release|Any CPU.ActiveCfg = Release|Any CPU
		{278105CE-BE61-41DA-9716-3665DBF03661}.Release|Any CPU.Build.0 = Release|Any CPU
		{C6CBB377-AD59-4ACB-BE0C-B9A1E7657467}.Debug|Any CPU.ActiveCfg = Debug|Any CPU
		{C6CBB377-AD59-4ACB-BE0C-B9A1E7657467}.Debug|Any CPU.Build.0 = Debug|Any CPU
		{C6CBB377-AD59-4ACB-BE0C-B9A1E7657467}.Release|Any CPU.ActiveCfg = Release|Any CPU
		{C6CBB377-AD59-4ACB-BE0C-B9A1E7657467}.Release|Any CPU.Build.0 = Release|Any CPU
		{64682E7B-3EC7-435F-9DAD-93434F6B44B5}.Debug|Any CPU.ActiveCfg = Debug|Any CPU
		{64682E7B-3EC7-435F-9DAD-93434F6B44B5}.Debug|Any CPU.Build.0 = Debug|Any CPU
		{64682E7B-3EC7-435F-9DAD-93434F6B44B5}.Release|Any CPU.ActiveCfg = Release|Any CPU
		{64682E7B-3EC7-435F-9DAD-93434F6B44B5}.Release|Any CPU.Build.0 = Release|Any CPU
		{C41B9F16-FC7F-4080-8632-7CE54E48DA07}.Debug|Any CPU.ActiveCfg = Debug|Any CPU
		{C41B9F16-FC7F-4080-8632-7CE54E48DA07}.Debug|Any CPU.Build.0 = Debug|Any CPU
		{C41B9F16-FC7F-4080-8632-7CE54E48DA07}.Release|Any CPU.ActiveCfg = Release|Any CPU
		{C41B9F16-FC7F-4080-8632-7CE54E48DA07}.Release|Any CPU.Build.0 = Release|Any CPU
		{AA8A50CD-CB1A-49EE-9CA4-C712BEF46DCD}.Debug|Any CPU.ActiveCfg = Debug|Any CPU
		{AA8A50CD-CB1A-49EE-9CA4-C712BEF46DCD}.Debug|Any CPU.Build.0 = Debug|Any CPU
		{AA8A50CD-CB1A-49EE-9CA4-C712BEF46DCD}.Release|Any CPU.ActiveCfg = Release|Any CPU
		{AA8A50CD-CB1A-49EE-9CA4-C712BEF46DCD}.Release|Any CPU.Build.0 = Release|Any CPU
	EndGlobalSection
	GlobalSection(SolutionProperties) = preSolution
		HideSolutionNode = FALSE
	EndGlobalSection
	GlobalSection(NestedProjects) = preSolution
		{90A9C64B-B22B-4D13-BC20-39AA7E4DD47C} = {6BC648CC-6BD1-4B66-B7B0-CE43B40B9451}
		{E9511A60-01D4-4BAD-ACA9-9CCB84925260} = {6BC648CC-6BD1-4B66-B7B0-CE43B40B9451}
		{F19ED082-B3C2-49C8-A65D-98B6C28F0C37} = {6BC648CC-6BD1-4B66-B7B0-CE43B40B9451}
		{3F6FB0EE-47FD-4D4B-9411-5F297CF1D291} = {6BC648CC-6BD1-4B66-B7B0-CE43B40B9451}
		{5590BBCE-21B2-4A2E-867C-9BE20AC1E2E6} = {D105756D-ED1F-4DBA-A82D-3AFA9D73DE98}
		{AD48EB02-E791-462B-87C4-3F060FA32480} = {D105756D-ED1F-4DBA-A82D-3AFA9D73DE98}
		{351474BC-18D5-4290-9433-F18AED7D9B28} = {D105756D-ED1F-4DBA-A82D-3AFA9D73DE98}
		{D5C96C70-93AC-40C5-B172-FE368915170F} = {D105756D-ED1F-4DBA-A82D-3AFA9D73DE98}
		{B513BBE5-F013-4698-84F3-103A2D22DA57} = {D105756D-ED1F-4DBA-A82D-3AFA9D73DE98}
		{B1B981A7-B1CF-4C55-849D-8F184FAA2019} = {C8D0DED4-6BB0-4A5B-9D8A-9A83DF9B8DEE}
		{61AB7766-FC7D-47FA-9138-EFF0223F243B} = {C8D0DED4-6BB0-4A5B-9D8A-9A83DF9B8DEE}
		{874ECF13-E8AE-4016-AE71-EF6FA0BF6FFC} = {C8D0DED4-6BB0-4A5B-9D8A-9A83DF9B8DEE}
		{863BC9A3-131F-4713-84D8-3E48EFA7E1EB} = {C8D0DED4-6BB0-4A5B-9D8A-9A83DF9B8DEE}
		{FAC6F785-D3EB-4A47-A56B-136E9965320E} = {C8D0DED4-6BB0-4A5B-9D8A-9A83DF9B8DEE}
		{278105CE-BE61-41DA-9716-3665DBF03661} = {6D2B5C64-6BC6-43B5-9A87-F4FD93B23604}
		{C6CBB377-AD59-4ACB-BE0C-B9A1E7657467} = {6D2B5C64-6BC6-43B5-9A87-F4FD93B23604}
		{64682E7B-3EC7-435F-9DAD-93434F6B44B5} = {6D2B5C64-6BC6-43B5-9A87-F4FD93B23604}
		{C41B9F16-FC7F-4080-8632-7CE54E48DA07} = {6D2B5C64-6BC6-43B5-9A87-F4FD93B23604}
		{AA8A50CD-CB1A-49EE-9CA4-C712BEF46DCD} = {28BC606F-F821-4D49-BEC6-B5ECBD28334E}
	EndGlobalSection
	GlobalSection(ExtensibilityGlobals) = postSolution
		SolutionGuid = {B1A0B249-2694-4610-BA11-643087708E3B}
	EndGlobalSection
EndGlobal
